PODS:
  - RADAttribution (0.0.1)

DEPENDENCIES:
  - RADAttribution

SPEC REPOS:
  https://github.rakops.com/MobileTracking/Specs:
    - RADAttribution

SPEC CHECKSUMS:
  RADAttribution: eb48f3eac5c12d81bc7b6a542c565566ffe7a1be

PODFILE CHECKSUM: d5a8ee7aa4fa6a9bc5f976a23d5898e3d2b1de6d

COCOAPODS: 1.9.1
