PODS:
  - BlueCryptor (1.0.32)
  - BlueECC (1.2.5)
  - BlueRSA (1.0.34)
  - KituraContracts (1.2.1):
    - LoggerAPI (~> 1.7)
  - LoggerAPI (1.9.0):
    - Logging (~> 1.1)
  - Logging (1.4.0)
  - RakutenAdvertisingAttribution (0.0.1):
    - SwiftJWT
  - Sourcery (1.0.0)
  - SwiftJWT (3.5.3):
    - BlueCryptor (~> 1.0)
    - BlueECC (~> 1.1)
    - BlueRSA (~> 1.0)
    - KituraContracts (~> 1.1)
    - LoggerAPI (~> 1.7)

DEPENDENCIES:
  - RakutenAdvertisingAttribution (from `../`)
  - Sourcery

SPEC REPOS:
  https://github.com/CocoaPods/Specs.git:
    - BlueCryptor
    - BlueECC
    - BlueRSA
    - KituraContracts
    - LoggerAPI
    - Logging
    - Sourcery
    - SwiftJWT

EXTERNAL SOURCES:
  RakutenAdvertisingAttribution:
    :path: "../"

SPEC CHECKSUMS:
  BlueCryptor: b0aee3d9b8f367b49b30de11cda90e1735571c24
  BlueECC: 0d18e93347d3ec6d41416de21c1ffa4d4cd3c2cc
  BlueRSA: 6f9776d62d9773502415a7db3bcbb2bbb3f71fc3
  KituraContracts: e845e60dc8627ad0a76fa55ef20a45451d8f830b
  LoggerAPI: fb78461eedac5316b290f2404d88b9d614d96c57
  Logging: beeb016c9c80cf77042d62e83495816847ef108b
  RakutenAdvertisingAttribution: d73d2fd3da0d2ff47d92c6435d6ea7c751243a9b
  Sourcery: 928a146ea9b777fa64b0c6ce915c4128b4488cff
  SwiftJWT: 9a47a71090cae25767078756b5810e3b630aa9a7

PODFILE CHECKSUM: 9cd695e2a1e21497a6085e4768cc92cd0e357c02

COCOAPODS: 1.9.3
