PODS:
  - RADAttribution (0.0.1)
  - Sourcery (0.17.0)

DEPENDENCIES:
  - RADAttribution (from `../`)
  - Sourcery

SPEC REPOS:
  trunk:
    - Sourcery

EXTERNAL SOURCES:
  RADAttribution:
    :path: "../"

SPEC CHECKSUMS:
  RADAttribution: 4144f04baff7523beb346e9abd13fcf2306d5029
  Sourcery: 3ed61be7c8a1218fce349266139379dba477efe0

PODFILE CHECKSUM: da6c3b8c917ae35cf41db72bbea3f7e0c2774ec7

COCOAPODS: 1.9.1
