// !$*UTF8*$!
{
	archiveVersion = 1;
	classes = {
	};
	objectVersion = 52;
	objects = {

/* Begin PBXAggregateTarget section */
		57A1B1D1243397190045D1D1 /* CocoaPods Update */ = {
			isa = PBXAggregateTarget;
			buildConfigurationList = 57A1B1D4243397190045D1D1 /* Build configuration list for PBXAggregateTarget "CocoaPods Update" */;
			buildPhases = (
				57A1B1D5243397230045D1D1 /* ShellScript */,
			);
			dependencies = (
			);
			name = "CocoaPods Update";
			productName = "CocoaPods Update";
		};
		57A1B21C2434A2310045D1D1 /* PreBuildScriptsRunner */ = {
			isa = PBXAggregateTarget;
			buildConfigurationList = 57A1B21D2434A2310045D1D1 /* Build configuration list for PBXAggregateTarget "PreBuildScriptsRunner" */;
			buildPhases = (
				57A1B2202434A2370045D1D1 /* ShellScript */,
			);
			dependencies = (
			);
			name = PreBuildScriptsRunner;
			productName = PreBuildScriptsRunner;
		};
/* End PBXAggregateTarget section */

/* Begin PBXBuildFile section */
		574C11AA243C9BF500DC0E24 /* TestableDataProvider.swift in Sources */ = {isa = PBXBuildFile; fileRef = 574C11A9243C9BF500DC0E24 /* TestableDataProvider.swift */; };
		574C11B0243F2BCB00DC0E24 /* MockURLSession.swift in Sources */ = {isa = PBXBuildFile; fileRef = 574C11AC243F294400DC0E24 /* MockURLSession.swift */; };
		574C11B1243F2BCF00DC0E24 /* MockURLSessionDataTask.swift in Sources */ = {isa = PBXBuildFile; fileRef = 574C11AE243F298F00DC0E24 /* MockURLSessionDataTask.swift */; };
		574C11B3243F2CD600DC0E24 /* RemoteDataProviderTests.swift in Sources */ = {isa = PBXBuildFile; fileRef = 574C11B2243F2CD600DC0E24 /* RemoteDataProviderTests.swift */; };
		574C11B5243F2E3B00DC0E24 /* MockEndpointable.swift in Sources */ = {isa = PBXBuildFile; fileRef = 574C11B4243F2E3B00DC0E24 /* MockEndpointable.swift */; };
		574C11BA243F313B00DC0E24 /* EndpointableTests.swift in Sources */ = {isa = PBXBuildFile; fileRef = 574C11B9243F313B00DC0E24 /* EndpointableTests.swift */; };
		574C11BE243F3D6C00DC0E24 /* MockCodable.swift in Sources */ = {isa = PBXBuildFile; fileRef = 574C11BD243F3D6C00DC0E24 /* MockCodable.swift */; };
		57FC5ABB243B76390048E34F /* DataBuilderTests.swift in Sources */ = {isa = PBXBuildFile; fileRef = 57FC5ABA243B76390048E34F /* DataBuilderTests.swift */; };
		57FC5ABD243B78BA0048E34F /* FirstLaunchDetectorTests.swift in Sources */ = {isa = PBXBuildFile; fileRef = 57FC5ABC243B78BA0048E34F /* FirstLaunchDetectorTests.swift */; };
		57FC5ABF243B7ABA0048E34F /* URLExtensionsTests.swift in Sources */ = {isa = PBXBuildFile; fileRef = 57FC5ABE243B7ABA0048E34F /* URLExtensionsTests.swift */; };
		57FC5AC2243B7E5B0048E34F /* OptionalsExtentionsTests.swift in Sources */ = {isa = PBXBuildFile; fileRef = 57FC5AC0243B7D2C0048E34F /* OptionalsExtentionsTests.swift */; };
		607FACD61AFB9204008FA782 /* AppDelegate.swift in Sources */ = {isa = PBXBuildFile; fileRef = 607FACD51AFB9204008FA782 /* AppDelegate.swift */; };
		607FACD81AFB9204008FA782 /* ViewController.swift in Sources */ = {isa = PBXBuildFile; fileRef = 607FACD71AFB9204008FA782 /* ViewController.swift */; };
		607FACDB1AFB9204008FA782 /* Main.storyboard in Resources */ = {isa = PBXBuildFile; fileRef = 607FACD91AFB9204008FA782 /* Main.storyboard */; };
		607FACDD1AFB9204008FA782 /* Images.xcassets in Resources */ = {isa = PBXBuildFile; fileRef = 607FACDC1AFB9204008FA782 /* Images.xcassets */; };
		607FACE01AFB9204008FA782 /* LaunchScreen.xib in Resources */ = {isa = PBXBuildFile; fileRef = 607FACDE1AFB9204008FA782 /* LaunchScreen.xib */; };
		6934938FDB3A7D231E499F24 /* Pods_RADAttribution_Tests.framework in Frameworks */ = {isa = PBXBuildFile; fileRef = B8557F597D80F7E54E6AEF48 /* Pods_RADAttribution_Tests.framework */; };
		EC762236C41031608B678613 /* Pods_RADAttribution_Example.framework in Frameworks */ = {isa = PBXBuildFile; fileRef = F2B48BFCDEAE332B6596020E /* Pods_RADAttribution_Example.framework */; };
/* End PBXBuildFile section */

/* Begin PBXContainerItemProxy section */
		57A1B2212434A25D0045D1D1 /* PBXContainerItemProxy */ = {
			isa = PBXContainerItemProxy;
			containerPortal = 607FACC81AFB9204008FA782 /* Project object */;
			proxyType = 1;
			remoteGlobalIDString = 57A1B21C2434A2310045D1D1;
			remoteInfo = PreBuildScriptsRunner;
		};
		607FACE61AFB9204008FA782 /* PBXContainerItemProxy */ = {
			isa = PBXContainerItemProxy;
			containerPortal = 607FACC81AFB9204008FA782 /* Project object */;
			proxyType = 1;
			remoteGlobalIDString = 607FACCF1AFB9204008FA782;
			remoteInfo = RADAttribution;
		};
/* End PBXContainerItemProxy section */

/* Begin PBXFileReference section */
		0531178B1102E895C79C6B01 /* README.md */ = {isa = PBXFileReference; includeInIndex = 1; lastKnownFileType = net.daringfireball.markdown; name = README.md; path = ../README.md; sourceTree = "<group>"; };
		09FA0D503A69CB6BCAF8674C /* Pods-RADAttribution_Tests.release.xcconfig */ = {isa = PBXFileReference; includeInIndex = 1; lastKnownFileType = text.xcconfig; name = "Pods-RADAttribution_Tests.release.xcconfig"; path = "Target Support Files/Pods-RADAttribution_Tests/Pods-RADAttribution_Tests.release.xcconfig"; sourceTree = "<group>"; };
		25FD706BCCB125EC245304E6 /* RADAttribution.podspec */ = {isa = PBXFileReference; includeInIndex = 1; lastKnownFileType = text; name = RADAttribution.podspec; path = ../RADAttribution.podspec; sourceTree = "<group>"; xcLanguageSpecificationIdentifier = xcode.lang.ruby; };
		57436CD324374EE50010B7E9 /* RADAttribution_Example.entitlements */ = {isa = PBXFileReference; lastKnownFileType = text.plist.entitlements; path = RADAttribution_Example.entitlements; sourceTree = "<group>"; };
		574C11A9243C9BF500DC0E24 /* TestableDataProvider.swift */ = {isa = PBXFileReference; lastKnownFileType = sourcecode.swift; path = TestableDataProvider.swift; sourceTree = "<group>"; };
		574C11AC243F294400DC0E24 /* MockURLSession.swift */ = {isa = PBXFileReference; lastKnownFileType = sourcecode.swift; path = MockURLSession.swift; sourceTree = "<group>"; };
		574C11AE243F298F00DC0E24 /* MockURLSessionDataTask.swift */ = {isa = PBXFileReference; lastKnownFileType = sourcecode.swift; path = MockURLSessionDataTask.swift; sourceTree = "<group>"; };
		574C11B2243F2CD600DC0E24 /* RemoteDataProviderTests.swift */ = {isa = PBXFileReference; lastKnownFileType = sourcecode.swift; path = RemoteDataProviderTests.swift; sourceTree = "<group>"; };
		574C11B4243F2E3B00DC0E24 /* MockEndpointable.swift */ = {isa = PBXFileReference; lastKnownFileType = sourcecode.swift; path = MockEndpointable.swift; sourceTree = "<group>"; };
		574C11B9243F313B00DC0E24 /* EndpointableTests.swift */ = {isa = PBXFileReference; lastKnownFileType = sourcecode.swift; path = EndpointableTests.swift; sourceTree = "<group>"; };
		574C11BD243F3D6C00DC0E24 /* MockCodable.swift */ = {isa = PBXFileReference; lastKnownFileType = sourcecode.swift; path = MockCodable.swift; sourceTree = "<group>"; };
		57A1B2232434A2CE0045D1D1 /* PreBuldConfigure.sh */ = {isa = PBXFileReference; fileEncoding = 4; lastKnownFileType = text.script.sh; path = PreBuldConfigure.sh; sourceTree = "<group>"; };
		57FC5ABA243B76390048E34F /* DataBuilderTests.swift */ = {isa = PBXFileReference; lastKnownFileType = sourcecode.swift; path = DataBuilderTests.swift; sourceTree = "<group>"; };
		57FC5ABC243B78BA0048E34F /* FirstLaunchDetectorTests.swift */ = {isa = PBXFileReference; lastKnownFileType = sourcecode.swift; path = FirstLaunchDetectorTests.swift; sourceTree = "<group>"; };
		57FC5ABE243B7ABA0048E34F /* URLExtensionsTests.swift */ = {isa = PBXFileReference; lastKnownFileType = sourcecode.swift; path = URLExtensionsTests.swift; sourceTree = "<group>"; };
		57FC5AC0243B7D2C0048E34F /* OptionalsExtentionsTests.swift */ = {isa = PBXFileReference; lastKnownFileType = sourcecode.swift; path = OptionalsExtentionsTests.swift; sourceTree = "<group>"; };
		595484D9EE7280736E9024CF /* Pods-RADAttribution_Tests.debug.xcconfig */ = {isa = PBXFileReference; includeInIndex = 1; lastKnownFileType = text.xcconfig; name = "Pods-RADAttribution_Tests.debug.xcconfig"; path = "Target Support Files/Pods-RADAttribution_Tests/Pods-RADAttribution_Tests.debug.xcconfig"; sourceTree = "<group>"; };
		607FACD01AFB9204008FA782 /* RADAttribution_Example.app */ = {isa = PBXFileReference; explicitFileType = wrapper.application; includeInIndex = 0; path = RADAttribution_Example.app; sourceTree = BUILT_PRODUCTS_DIR; };
		607FACD41AFB9204008FA782 /* Info.plist */ = {isa = PBXFileReference; lastKnownFileType = text.plist.xml; path = Info.plist; sourceTree = "<group>"; };
		607FACD51AFB9204008FA782 /* AppDelegate.swift */ = {isa = PBXFileReference; lastKnownFileType = sourcecode.swift; path = AppDelegate.swift; sourceTree = "<group>"; };
		607FACD71AFB9204008FA782 /* ViewController.swift */ = {isa = PBXFileReference; lastKnownFileType = sourcecode.swift; path = ViewController.swift; sourceTree = "<group>"; };
		607FACDA1AFB9204008FA782 /* Base */ = {isa = PBXFileReference; lastKnownFileType = file.storyboard; name = Base; path = Base.lproj/Main.storyboard; sourceTree = "<group>"; };
		607FACDC1AFB9204008FA782 /* Images.xcassets */ = {isa = PBXFileReference; lastKnownFileType = folder.assetcatalog; path = Images.xcassets; sourceTree = "<group>"; };
		607FACDF1AFB9204008FA782 /* Base */ = {isa = PBXFileReference; lastKnownFileType = file.xib; name = Base; path = Base.lproj/LaunchScreen.xib; sourceTree = "<group>"; };
		607FACE51AFB9204008FA782 /* RADAttribution_Tests.xctest */ = {isa = PBXFileReference; explicitFileType = wrapper.cfbundle; includeInIndex = 0; path = RADAttribution_Tests.xctest; sourceTree = BUILT_PRODUCTS_DIR; };
		607FACEA1AFB9204008FA782 /* Info.plist */ = {isa = PBXFileReference; lastKnownFileType = text.plist.xml; path = Info.plist; sourceTree = "<group>"; };
		AAEDC2F50210424B820C7F21 /* LICENSE */ = {isa = PBXFileReference; includeInIndex = 1; lastKnownFileType = text; name = LICENSE; path = ../LICENSE; sourceTree = "<group>"; };
		AD1576891FB97B7EFE857E12 /* Pods-RADAttribution_Example.release.xcconfig */ = {isa = PBXFileReference; includeInIndex = 1; lastKnownFileType = text.xcconfig; name = "Pods-RADAttribution_Example.release.xcconfig"; path = "Target Support Files/Pods-RADAttribution_Example/Pods-RADAttribution_Example.release.xcconfig"; sourceTree = "<group>"; };
		B8557F597D80F7E54E6AEF48 /* Pods_RADAttribution_Tests.framework */ = {isa = PBXFileReference; explicitFileType = wrapper.framework; includeInIndex = 0; path = Pods_RADAttribution_Tests.framework; sourceTree = BUILT_PRODUCTS_DIR; };
		CAAEB0303B50D87960C024F2 /* Pods-RADAttribution_Example.debug.xcconfig */ = {isa = PBXFileReference; includeInIndex = 1; lastKnownFileType = text.xcconfig; name = "Pods-RADAttribution_Example.debug.xcconfig"; path = "Target Support Files/Pods-RADAttribution_Example/Pods-RADAttribution_Example.debug.xcconfig"; sourceTree = "<group>"; };
		F2B48BFCDEAE332B6596020E /* Pods_RADAttribution_Example.framework */ = {isa = PBXFileReference; explicitFileType = wrapper.framework; includeInIndex = 0; path = Pods_RADAttribution_Example.framework; sourceTree = BUILT_PRODUCTS_DIR; };
/* End PBXFileReference section */

/* Begin PBXFrameworksBuildPhase section */
		607FACCD1AFB9204008FA782 /* Frameworks */ = {
			isa = PBXFrameworksBuildPhase;
			buildActionMask = 2147483647;
			files = (
				EC762236C41031608B678613 /* Pods_RADAttribution_Example.framework in Frameworks */,
			);
			runOnlyForDeploymentPostprocessing = 0;
		};
		607FACE21AFB9204008FA782 /* Frameworks */ = {
			isa = PBXFrameworksBuildPhase;
			buildActionMask = 2147483647;
			files = (
				6934938FDB3A7D231E499F24 /* Pods_RADAttribution_Tests.framework in Frameworks */,
			);
			runOnlyForDeploymentPostprocessing = 0;
		};
/* End PBXFrameworksBuildPhase section */

/* Begin PBXGroup section */
		2B3A6607B181F4177F070FE2 /* Frameworks */ = {
			isa = PBXGroup;
			children = (
				F2B48BFCDEAE332B6596020E /* Pods_RADAttribution_Example.framework */,
				B8557F597D80F7E54E6AEF48 /* Pods_RADAttribution_Tests.framework */,
			);
			name = Frameworks;
			sourceTree = "<group>";
		};
		574C11BB243F3BD100DC0E24 /* Mocks */ = {
			isa = PBXGroup;
			children = (
				574C11AC243F294400DC0E24 /* MockURLSession.swift */,
				574C11AE243F298F00DC0E24 /* MockURLSessionDataTask.swift */,
				574C11B4243F2E3B00DC0E24 /* MockEndpointable.swift */,
				574C11BD243F3D6C00DC0E24 /* MockCodable.swift */,
			);
			path = Mocks;
			sourceTree = "<group>";
		};
		57A1B21924349F750045D1D1 /* PreBuildScripts */ = {
			isa = PBXGroup;
			children = (
				57A1B2232434A2CE0045D1D1 /* PreBuldConfigure.sh */,
			);
			path = PreBuildScripts;
			sourceTree = "<group>";
		};
		607FACC71AFB9204008FA782 = {
			isa = PBXGroup;
			children = (
				57436CD324374EE50010B7E9 /* RADAttribution_Example.entitlements */,
				607FACF51AFB993E008FA782 /* Podspec Metadata */,
				607FACD21AFB9204008FA782 /* Example for RADAttribution */,
				57A1B21924349F750045D1D1 /* PreBuildScripts */,
				607FACE81AFB9204008FA782 /* Tests */,
				607FACD11AFB9204008FA782 /* Products */,
				632AA4DA06EB71DAA51A45A3 /* Pods */,
				2B3A6607B181F4177F070FE2 /* Frameworks */,
			);
			sourceTree = "<group>";
		};
		607FACD11AFB9204008FA782 /* Products */ = {
			isa = PBXGroup;
			children = (
				607FACD01AFB9204008FA782 /* RADAttribution_Example.app */,
				607FACE51AFB9204008FA782 /* RADAttribution_Tests.xctest */,
			);
			name = Products;
			sourceTree = "<group>";
		};
		607FACD21AFB9204008FA782 /* Example for RADAttribution */ = {
			isa = PBXGroup;
			children = (
				607FACD51AFB9204008FA782 /* AppDelegate.swift */,
				607FACD71AFB9204008FA782 /* ViewController.swift */,
				607FACD91AFB9204008FA782 /* Main.storyboard */,
				607FACDC1AFB9204008FA782 /* Images.xcassets */,
				607FACDE1AFB9204008FA782 /* LaunchScreen.xib */,
				607FACD31AFB9204008FA782 /* Supporting Files */,
			);
			name = "Example for RADAttribution";
			path = RADAttribution;
			sourceTree = "<group>";
		};
		607FACD31AFB9204008FA782 /* Supporting Files */ = {
			isa = PBXGroup;
			children = (
				607FACD41AFB9204008FA782 /* Info.plist */,
			);
			name = "Supporting Files";
			sourceTree = "<group>";
		};
		607FACE81AFB9204008FA782 /* Tests */ = {
			isa = PBXGroup;
			children = (
				574C11BB243F3BD100DC0E24 /* Mocks */,
				57FC5ABA243B76390048E34F /* DataBuilderTests.swift */,
				574C11B9243F313B00DC0E24 /* EndpointableTests.swift */,
				57FC5ABC243B78BA0048E34F /* FirstLaunchDetectorTests.swift */,
				57FC5AC0243B7D2C0048E34F /* OptionalsExtentionsTests.swift */,
				574C11B2243F2CD600DC0E24 /* RemoteDataProviderTests.swift */,
				574C11A9243C9BF500DC0E24 /* TestableDataProvider.swift */,
				57FC5ABE243B7ABA0048E34F /* URLExtensionsTests.swift */,
				607FACE91AFB9204008FA782 /* Supporting Files */,
			);
			path = Tests;
			sourceTree = "<group>";
		};
		607FACE91AFB9204008FA782 /* Supporting Files */ = {
			isa = PBXGroup;
			children = (
				607FACEA1AFB9204008FA782 /* Info.plist */,
			);
			name = "Supporting Files";
			sourceTree = "<group>";
		};
		607FACF51AFB993E008FA782 /* Podspec Metadata */ = {
			isa = PBXGroup;
			children = (
				25FD706BCCB125EC245304E6 /* RADAttribution.podspec */,
				0531178B1102E895C79C6B01 /* README.md */,
				AAEDC2F50210424B820C7F21 /* LICENSE */,
			);
			name = "Podspec Metadata";
			sourceTree = "<group>";
		};
		632AA4DA06EB71DAA51A45A3 /* Pods */ = {
			isa = PBXGroup;
			children = (
				CAAEB0303B50D87960C024F2 /* Pods-RADAttribution_Example.debug.xcconfig */,
				AD1576891FB97B7EFE857E12 /* Pods-RADAttribution_Example.release.xcconfig */,
				595484D9EE7280736E9024CF /* Pods-RADAttribution_Tests.debug.xcconfig */,
				09FA0D503A69CB6BCAF8674C /* Pods-RADAttribution_Tests.release.xcconfig */,
			);
			path = Pods;
			sourceTree = "<group>";
		};
/* End PBXGroup section */

/* Begin PBXNativeTarget section */
		607FACCF1AFB9204008FA782 /* RADAttribution_Example */ = {
			isa = PBXNativeTarget;
			buildConfigurationList = 607FACEF1AFB9204008FA782 /* Build configuration list for PBXNativeTarget "RADAttribution_Example" */;
			buildPhases = (
				23210181388D74CC44661A76 /* [CP] Check Pods Manifest.lock */,
				607FACCC1AFB9204008FA782 /* Sources */,
				607FACCD1AFB9204008FA782 /* Frameworks */,
				607FACCE1AFB9204008FA782 /* Resources */,
				3BED29C4D641ADA51ED1418D /* [CP] Embed Pods Frameworks */,
			);
			buildRules = (
			);
			dependencies = (
				57A1B2222434A25D0045D1D1 /* PBXTargetDependency */,
			);
			name = RADAttribution_Example;
			productName = RADAttribution;
			productReference = 607FACD01AFB9204008FA782 /* RADAttribution_Example.app */;
			productType = "com.apple.product-type.application";
		};
		607FACE41AFB9204008FA782 /* RADAttribution_Tests */ = {
			isa = PBXNativeTarget;
			buildConfigurationList = 607FACF21AFB9204008FA782 /* Build configuration list for PBXNativeTarget "RADAttribution_Tests" */;
			buildPhases = (
				5D2EB9DB2EAED0D22E47A610 /* [CP] Check Pods Manifest.lock */,
				607FACE11AFB9204008FA782 /* Sources */,
				607FACE21AFB9204008FA782 /* Frameworks */,
				607FACE31AFB9204008FA782 /* Resources */,
			);
			buildRules = (
			);
			dependencies = (
				607FACE71AFB9204008FA782 /* PBXTargetDependency */,
			);
			name = RADAttribution_Tests;
			productName = Tests;
			productReference = 607FACE51AFB9204008FA782 /* RADAttribution_Tests.xctest */;
			productType = "com.apple.product-type.bundle.unit-test";
		};
/* End PBXNativeTarget section */

/* Begin PBXProject section */
		607FACC81AFB9204008FA782 /* Project object */ = {
			isa = PBXProject;
			attributes = {
				LastSwiftUpdateCheck = 0830;
				LastUpgradeCheck = 1140;
				ORGANIZATIONNAME = "Rakuten Advertising";
				TargetAttributes = {
					57A1B1D1243397190045D1D1 = {
						CreatedOnToolsVersion = 11.4;
					};
					57A1B21C2434A2310045D1D1 = {
						CreatedOnToolsVersion = 11.4;
					};
					607FACCF1AFB9204008FA782 = {
						CreatedOnToolsVersion = 6.3.1;
						LastSwiftMigration = 1140;
					};
					607FACE41AFB9204008FA782 = {
						CreatedOnToolsVersion = 6.3.1;
						LastSwiftMigration = 1140;
						TestTargetID = 607FACCF1AFB9204008FA782;
					};
				};
			};
			buildConfigurationList = 607FACCB1AFB9204008FA782 /* Build configuration list for PBXProject "RADAttribution" */;
			compatibilityVersion = "Xcode 11.0";
			developmentRegion = en;
			hasScannedForEncodings = 0;
			knownRegions = (
				en,
				Base,
			);
			mainGroup = 607FACC71AFB9204008FA782;
			productRefGroup = 607FACD11AFB9204008FA782 /* Products */;
			projectDirPath = "";
			projectRoot = "";
			targets = (
				607FACCF1AFB9204008FA782 /* RADAttribution_Example */,
				607FACE41AFB9204008FA782 /* RADAttribution_Tests */,
				57A1B1D1243397190045D1D1 /* CocoaPods Update */,
				57A1B21C2434A2310045D1D1 /* PreBuildScriptsRunner */,
			);
		};
/* End PBXProject section */

/* Begin PBXResourcesBuildPhase section */
		607FACCE1AFB9204008FA782 /* Resources */ = {
			isa = PBXResourcesBuildPhase;
			buildActionMask = 2147483647;
			files = (
				607FACDB1AFB9204008FA782 /* Main.storyboard in Resources */,
				607FACE01AFB9204008FA782 /* LaunchScreen.xib in Resources */,
				607FACDD1AFB9204008FA782 /* Images.xcassets in Resources */,
			);
			runOnlyForDeploymentPostprocessing = 0;
		};
		607FACE31AFB9204008FA782 /* Resources */ = {
			isa = PBXResourcesBuildPhase;
			buildActionMask = 2147483647;
			files = (
			);
			runOnlyForDeploymentPostprocessing = 0;
		};
/* End PBXResourcesBuildPhase section */

/* Begin PBXShellScriptBuildPhase section */
		23210181388D74CC44661A76 /* [CP] Check Pods Manifest.lock */ = {
			isa = PBXShellScriptBuildPhase;
			buildActionMask = 2147483647;
			files = (
			);
			inputFileListPaths = (
			);
			inputPaths = (
				"${PODS_PODFILE_DIR_PATH}/Podfile.lock",
				"${PODS_ROOT}/Manifest.lock",
			);
			name = "[CP] Check Pods Manifest.lock";
			outputFileListPaths = (
			);
			outputPaths = (
				"$(DERIVED_FILE_DIR)/Pods-RADAttribution_Example-checkManifestLockResult.txt",
			);
			runOnlyForDeploymentPostprocessing = 0;
			shellPath = /bin/sh;
			shellScript = "diff \"${PODS_PODFILE_DIR_PATH}/Podfile.lock\" \"${PODS_ROOT}/Manifest.lock\" > /dev/null\nif [ $? != 0 ] ; then\n    # print error to STDERR\n    echo \"error: The sandbox is not in sync with the Podfile.lock. Run 'pod install' or update your CocoaPods installation.\" >&2\n    exit 1\nfi\n# This output is used by Xcode 'outputs' to avoid re-running this script phase.\necho \"SUCCESS\" > \"${SCRIPT_OUTPUT_FILE_0}\"\n";
			showEnvVarsInLog = 0;
		};
		3BED29C4D641ADA51ED1418D /* [CP] Embed Pods Frameworks */ = {
			isa = PBXShellScriptBuildPhase;
			buildActionMask = 2147483647;
			files = (
			);
			inputFileListPaths = (
				"${PODS_ROOT}/Target Support Files/Pods-RADAttribution_Example/Pods-RADAttribution_Example-frameworks-${CONFIGURATION}-input-files.xcfilelist",
			);
			name = "[CP] Embed Pods Frameworks";
			outputFileListPaths = (
				"${PODS_ROOT}/Target Support Files/Pods-RADAttribution_Example/Pods-RADAttribution_Example-frameworks-${CONFIGURATION}-output-files.xcfilelist",
			);
			runOnlyForDeploymentPostprocessing = 0;
			shellPath = /bin/sh;
			shellScript = "\"${PODS_ROOT}/Target Support Files/Pods-RADAttribution_Example/Pods-RADAttribution_Example-frameworks.sh\"\n";
			showEnvVarsInLog = 0;
		};
		57A1B1D5243397230045D1D1 /* ShellScript */ = {
			isa = PBXShellScriptBuildPhase;
			buildActionMask = 2147483647;
			files = (
			);
			inputFileListPaths = (
			);
			inputPaths = (
			);
			outputFileListPaths = (
			);
			outputPaths = (
			);
			runOnlyForDeploymentPostprocessing = 0;
			shellPath = /bin/sh;
			shellScript = "eval \"$(rbenv init -)\"\npod update --verbose\n";
		};
		57A1B2202434A2370045D1D1 /* ShellScript */ = {
			isa = PBXShellScriptBuildPhase;
			buildActionMask = 2147483647;
			files = (
			);
			inputFileListPaths = (
			);
			inputPaths = (
			);
			outputFileListPaths = (
			);
			outputPaths = (
			);
			runOnlyForDeploymentPostprocessing = 0;
			shellPath = /bin/sh;
			shellScript = "./PreBuildScripts/PreBuldConfigure.sh \"${SRCROOT}\" \"${CONFIGURATION}\"\n";
		};
		5D2EB9DB2EAED0D22E47A610 /* [CP] Check Pods Manifest.lock */ = {
			isa = PBXShellScriptBuildPhase;
			buildActionMask = 2147483647;
			files = (
			);
			inputFileListPaths = (
			);
			inputPaths = (
				"${PODS_PODFILE_DIR_PATH}/Podfile.lock",
				"${PODS_ROOT}/Manifest.lock",
			);
			name = "[CP] Check Pods Manifest.lock";
			outputFileListPaths = (
			);
			outputPaths = (
				"$(DERIVED_FILE_DIR)/Pods-RADAttribution_Tests-checkManifestLockResult.txt",
			);
			runOnlyForDeploymentPostprocessing = 0;
			shellPath = /bin/sh;
			shellScript = "diff \"${PODS_PODFILE_DIR_PATH}/Podfile.lock\" \"${PODS_ROOT}/Manifest.lock\" > /dev/null\nif [ $? != 0 ] ; then\n    # print error to STDERR\n    echo \"error: The sandbox is not in sync with the Podfile.lock. Run 'pod install' or update your CocoaPods installation.\" >&2\n    exit 1\nfi\n# This output is used by Xcode 'outputs' to avoid re-running this script phase.\necho \"SUCCESS\" > \"${SCRIPT_OUTPUT_FILE_0}\"\n";
			showEnvVarsInLog = 0;
		};
/* End PBXShellScriptBuildPhase section */

/* Begin PBXSourcesBuildPhase section */
		607FACCC1AFB9204008FA782 /* Sources */ = {
			isa = PBXSourcesBuildPhase;
			buildActionMask = 2147483647;
			files = (
				607FACD81AFB9204008FA782 /* ViewController.swift in Sources */,
				607FACD61AFB9204008FA782 /* AppDelegate.swift in Sources */,
			);
			runOnlyForDeploymentPostprocessing = 0;
		};
		607FACE11AFB9204008FA782 /* Sources */ = {
			isa = PBXSourcesBuildPhase;
			buildActionMask = 2147483647;
			files = (
				574C11B5243F2E3B00DC0E24 /* MockEndpointable.swift in Sources */,
				574C11BE243F3D6C00DC0E24 /* MockCodable.swift in Sources */,
				57FC5ABD243B78BA0048E34F /* FirstLaunchDetectorTests.swift in Sources */,
				57FC5ABB243B76390048E34F /* DataBuilderTests.swift in Sources */,
				57FC5AC2243B7E5B0048E34F /* OptionalsExtentionsTests.swift in Sources */,
				574C11B0243F2BCB00DC0E24 /* MockURLSession.swift in Sources */,
				574C11BA243F313B00DC0E24 /* EndpointableTests.swift in Sources */,
				574C11B1243F2BCF00DC0E24 /* MockURLSessionDataTask.swift in Sources */,
				574C11AA243C9BF500DC0E24 /* TestableDataProvider.swift in Sources */,
				574C11B3243F2CD600DC0E24 /* RemoteDataProviderTests.swift in Sources */,
				57FC5ABF243B7ABA0048E34F /* URLExtensionsTests.swift in Sources */,
			);
			runOnlyForDeploymentPostprocessing = 0;
		};
/* End PBXSourcesBuildPhase section */

/* Begin PBXTargetDependency section */
		57A1B2222434A25D0045D1D1 /* PBXTargetDependency */ = {
			isa = PBXTargetDependency;
			target = 57A1B21C2434A2310045D1D1 /* PreBuildScriptsRunner */;
			targetProxy = 57A1B2212434A25D0045D1D1 /* PBXContainerItemProxy */;
		};
		607FACE71AFB9204008FA782 /* PBXTargetDependency */ = {
			isa = PBXTargetDependency;
			target = 607FACCF1AFB9204008FA782 /* RADAttribution_Example */;
			targetProxy = 607FACE61AFB9204008FA782 /* PBXContainerItemProxy */;
		};
/* End PBXTargetDependency section */

/* Begin PBXVariantGroup section */
		607FACD91AFB9204008FA782 /* Main.storyboard */ = {
			isa = PBXVariantGroup;
			children = (
				607FACDA1AFB9204008FA782 /* Base */,
			);
			name = Main.storyboard;
			sourceTree = "<group>";
		};
		607FACDE1AFB9204008FA782 /* LaunchScreen.xib */ = {
			isa = PBXVariantGroup;
			children = (
				607FACDF1AFB9204008FA782 /* Base */,
			);
			name = LaunchScreen.xib;
			sourceTree = "<group>";
		};
/* End PBXVariantGroup section */

/* Begin XCBuildConfiguration section */
		57A1B1D2243397190045D1D1 /* Debug */ = {
			isa = XCBuildConfiguration;
			buildSettings = {
				CODE_SIGN_STYLE = Automatic;
				PRODUCT_NAME = "$(TARGET_NAME)";
			};
			name = Debug;
		};
		57A1B1D3243397190045D1D1 /* Release */ = {
			isa = XCBuildConfiguration;
			buildSettings = {
				CODE_SIGN_STYLE = Automatic;
				PRODUCT_NAME = "$(TARGET_NAME)";
			};
			name = Release;
		};
		57A1B21E2434A2310045D1D1 /* Debug */ = {
			isa = XCBuildConfiguration;
			buildSettings = {
				CODE_SIGN_STYLE = Automatic;
				PRODUCT_NAME = "$(TARGET_NAME)";
			};
			name = Debug;
		};
		57A1B21F2434A2310045D1D1 /* Release */ = {
			isa = XCBuildConfiguration;
			buildSettings = {
				CODE_SIGN_STYLE = Automatic;
				PRODUCT_NAME = "$(TARGET_NAME)";
			};
			name = Release;
		};
		607FACED1AFB9204008FA782 /* Debug */ = {
			isa = XCBuildConfiguration;
			buildSettings = {
				ALWAYS_SEARCH_USER_PATHS = NO;
				CLANG_ANALYZER_LOCALIZABILITY_NONLOCALIZED = YES;
				CLANG_CXX_LANGUAGE_STANDARD = "gnu++0x";
				CLANG_CXX_LIBRARY = "libc++";
				CLANG_ENABLE_MODULES = YES;
				CLANG_ENABLE_OBJC_ARC = YES;
				CLANG_WARN_BLOCK_CAPTURE_AUTORELEASING = YES;
				CLANG_WARN_BOOL_CONVERSION = YES;
				CLANG_WARN_COMMA = YES;
				CLANG_WARN_CONSTANT_CONVERSION = YES;
				CLANG_WARN_DEPRECATED_OBJC_IMPLEMENTATIONS = YES;
				CLANG_WARN_DIRECT_OBJC_ISA_USAGE = YES_ERROR;
				CLANG_WARN_EMPTY_BODY = YES;
				CLANG_WARN_ENUM_CONVERSION = YES;
				CLANG_WARN_INFINITE_RECURSION = YES;
				CLANG_WARN_INT_CONVERSION = YES;
				CLANG_WARN_NON_LITERAL_NULL_CONVERSION = YES;
				CLANG_WARN_OBJC_IMPLICIT_RETAIN_SELF = YES;
				CLANG_WARN_OBJC_LITERAL_CONVERSION = YES;
				CLANG_WARN_OBJC_ROOT_CLASS = YES_ERROR;
				CLANG_WARN_RANGE_LOOP_ANALYSIS = YES;
				CLANG_WARN_STRICT_PROTOTYPES = YES;
				CLANG_WARN_SUSPICIOUS_MOVE = YES;
				CLANG_WARN_UNREACHABLE_CODE = YES;
				CLANG_WARN__DUPLICATE_METHOD_MATCH = YES;
				"CODE_SIGN_IDENTITY[sdk=iphoneos*]" = "iPhone Developer";
				COPY_PHASE_STRIP = NO;
				DEBUG_INFORMATION_FORMAT = "dwarf-with-dsym";
				ENABLE_STRICT_OBJC_MSGSEND = YES;
				ENABLE_TESTABILITY = YES;
				GCC_C_LANGUAGE_STANDARD = gnu99;
				GCC_DYNAMIC_NO_PIC = NO;
				GCC_NO_COMMON_BLOCKS = YES;
				GCC_OPTIMIZATION_LEVEL = 0;
				GCC_PREPROCESSOR_DEFINITIONS = (
					"DEBUG=1",
					"$(inherited)",
				);
				GCC_SYMBOLS_PRIVATE_EXTERN = NO;
				GCC_WARN_64_TO_32_BIT_CONVERSION = YES;
				GCC_WARN_ABOUT_RETURN_TYPE = YES_ERROR;
				GCC_WARN_UNDECLARED_SELECTOR = YES;
				GCC_WARN_UNINITIALIZED_AUTOS = YES_AGGRESSIVE;
				GCC_WARN_UNUSED_FUNCTION = YES;
				GCC_WARN_UNUSED_VARIABLE = YES;
				IPHONEOS_DEPLOYMENT_TARGET = 10.0;
				MTL_ENABLE_DEBUG_INFO = YES;
				ONLY_ACTIVE_ARCH = YES;
				SDKROOT = iphoneos;
				SWIFT_OPTIMIZATION_LEVEL = "-Onone";
			};
			name = Debug;
		};
		607FACEE1AFB9204008FA782 /* Release */ = {
			isa = XCBuildConfiguration;
			buildSettings = {
				ALWAYS_SEARCH_USER_PATHS = NO;
				CLANG_ANALYZER_LOCALIZABILITY_NONLOCALIZED = YES;
				CLANG_CXX_LANGUAGE_STANDARD = "gnu++0x";
				CLANG_CXX_LIBRARY = "libc++";
				CLANG_ENABLE_MODULES = YES;
				CLANG_ENABLE_OBJC_ARC = YES;
				CLANG_WARN_BLOCK_CAPTURE_AUTORELEASING = YES;
				CLANG_WARN_BOOL_CONVERSION = YES;
				CLANG_WARN_COMMA = YES;
				CLANG_WARN_CONSTANT_CONVERSION = YES;
				CLANG_WARN_DEPRECATED_OBJC_IMPLEMENTATIONS = YES;
				CLANG_WARN_DIRECT_OBJC_ISA_USAGE = YES_ERROR;
				CLANG_WARN_EMPTY_BODY = YES;
				CLANG_WARN_ENUM_CONVERSION = YES;
				CLANG_WARN_INFINITE_RECURSION = YES;
				CLANG_WARN_INT_CONVERSION = YES;
				CLANG_WARN_NON_LITERAL_NULL_CONVERSION = YES;
				CLANG_WARN_OBJC_IMPLICIT_RETAIN_SELF = YES;
				CLANG_WARN_OBJC_LITERAL_CONVERSION = YES;
				CLANG_WARN_OBJC_ROOT_CLASS = YES_ERROR;
				CLANG_WARN_RANGE_LOOP_ANALYSIS = YES;
				CLANG_WARN_STRICT_PROTOTYPES = YES;
				CLANG_WARN_SUSPICIOUS_MOVE = YES;
				CLANG_WARN_UNREACHABLE_CODE = YES;
				CLANG_WARN__DUPLICATE_METHOD_MATCH = YES;
				"CODE_SIGN_IDENTITY[sdk=iphoneos*]" = "iPhone Developer";
				COPY_PHASE_STRIP = NO;
				DEBUG_INFORMATION_FORMAT = "dwarf-with-dsym";
				ENABLE_NS_ASSERTIONS = NO;
				ENABLE_STRICT_OBJC_MSGSEND = YES;
				GCC_C_LANGUAGE_STANDARD = gnu99;
				GCC_NO_COMMON_BLOCKS = YES;
				GCC_WARN_64_TO_32_BIT_CONVERSION = YES;
				GCC_WARN_ABOUT_RETURN_TYPE = YES_ERROR;
				GCC_WARN_UNDECLARED_SELECTOR = YES;
				GCC_WARN_UNINITIALIZED_AUTOS = YES_AGGRESSIVE;
				GCC_WARN_UNUSED_FUNCTION = YES;
				GCC_WARN_UNUSED_VARIABLE = YES;
				IPHONEOS_DEPLOYMENT_TARGET = 10.0;
				MTL_ENABLE_DEBUG_INFO = NO;
				SDKROOT = iphoneos;
				SWIFT_COMPILATION_MODE = wholemodule;
				SWIFT_OPTIMIZATION_LEVEL = "-O";
				VALIDATE_PRODUCT = YES;
			};
			name = Release;
		};
		607FACF01AFB9204008FA782 /* Debug */ = {
			isa = XCBuildConfiguration;
			baseConfigurationReference = CAAEB0303B50D87960C024F2 /* Pods-RADAttribution_Example.debug.xcconfig */;
			buildSettings = {
				ASSETCATALOG_COMPILER_APPICON_NAME = AppIcon;
				CODE_SIGN_ENTITLEMENTS = RADAttribution_Example.entitlements;
				INFOPLIST_FILE = RADAttribution/Info.plist;
				IPHONEOS_DEPLOYMENT_TARGET = 10.0;
				LD_RUNPATH_SEARCH_PATHS = (
					"$(inherited)",
					"@executable_path/Frameworks",
				);
				MARKETING_VERSION = 0.0.1;
				MODULE_NAME = ExampleApp;
				PRODUCT_BUNDLE_IDENTIFIER = "com.rakuten.advertising.RADAttribution-Example";
				PRODUCT_NAME = "$(TARGET_NAME)";
				SWIFT_SWIFT3_OBJC_INFERENCE = Default;
				SWIFT_VERSION = 5.0;
			};
			name = Debug;
		};
		607FACF11AFB9204008FA782 /* Release */ = {
			isa = XCBuildConfiguration;
			baseConfigurationReference = AD1576891FB97B7EFE857E12 /* Pods-RADAttribution_Example.release.xcconfig */;
			buildSettings = {
				ASSETCATALOG_COMPILER_APPICON_NAME = AppIcon;
				CODE_SIGN_ENTITLEMENTS = RADAttribution_Example.entitlements;
				INFOPLIST_FILE = RADAttribution/Info.plist;
				IPHONEOS_DEPLOYMENT_TARGET = 10.0;
				LD_RUNPATH_SEARCH_PATHS = (
					"$(inherited)",
					"@executable_path/Frameworks",
				);
				MARKETING_VERSION = 0.0.1;
				MODULE_NAME = ExampleApp;
				PRODUCT_BUNDLE_IDENTIFIER = "com.rakuten.advertising.RADAttribution-Example";
				PRODUCT_NAME = "$(TARGET_NAME)";
				SWIFT_SWIFT3_OBJC_INFERENCE = Default;
				SWIFT_VERSION = 5.0;
			};
			name = Release;
		};
		607FACF31AFB9204008FA782 /* Debug */ = {
			isa = XCBuildConfiguration;
			baseConfigurationReference = 595484D9EE7280736E9024CF /* Pods-RADAttribution_Tests.debug.xcconfig */;
			buildSettings = {
				FRAMEWORK_SEARCH_PATHS = (
					"$(PLATFORM_DIR)/Developer/Library/Frameworks",
					"$(inherited)",
				);
				GCC_PREPROCESSOR_DEFINITIONS = (
					"DEBUG=1",
					"$(inherited)",
				);
				INFOPLIST_FILE = Tests/Info.plist;
				LD_RUNPATH_SEARCH_PATHS = (
					"$(inherited)",
					"@executable_path/Frameworks",
					"@loader_path/Frameworks",
				);
				PRODUCT_BUNDLE_IDENTIFIER = "com.rakuten.advertising.$(PRODUCT_NAME:rfc1034identifier)";
				PRODUCT_NAME = "$(TARGET_NAME)";
				SWIFT_SWIFT3_OBJC_INFERENCE = Default;
				SWIFT_VERSION = 5.0;
				TEST_HOST = "$(BUILT_PRODUCTS_DIR)/RADAttribution_Example.app/RADAttribution_Example";
			};
			name = Debug;
		};
		607FACF41AFB9204008FA782 /* Release */ = {
			isa = XCBuildConfiguration;
			baseConfigurationReference = 09FA0D503A69CB6BCAF8674C /* Pods-RADAttribution_Tests.release.xcconfig */;
			buildSettings = {
				FRAMEWORK_SEARCH_PATHS = (
					"$(PLATFORM_DIR)/Developer/Library/Frameworks",
					"$(inherited)",
				);
				INFOPLIST_FILE = Tests/Info.plist;
				LD_RUNPATH_SEARCH_PATHS = (
					"$(inherited)",
					"@executable_path/Frameworks",
					"@loader_path/Frameworks",
				);
				PRODUCT_BUNDLE_IDENTIFIER = "com.rakuten.advertising.$(PRODUCT_NAME:rfc1034identifier)";
				PRODUCT_NAME = "$(TARGET_NAME)";
				SWIFT_SWIFT3_OBJC_INFERENCE = Default;
				SWIFT_VERSION = 5.0;
				TEST_HOST = "$(BUILT_PRODUCTS_DIR)/RADAttribution_Example.app/RADAttribution_Example";
			};
			name = Release;
		};
/* End XCBuildConfiguration section */

/* Begin XCConfigurationList section */
		57A1B1D4243397190045D1D1 /* Build configuration list for PBXAggregateTarget "CocoaPods Update" */ = {
			isa = XCConfigurationList;
			buildConfigurations = (
				57A1B1D2243397190045D1D1 /* Debug */,
				57A1B1D3243397190045D1D1 /* Release */,
			);
			defaultConfigurationIsVisible = 0;
			defaultConfigurationName = Release;
		};
		57A1B21D2434A2310045D1D1 /* Build configuration list for PBXAggregateTarget "PreBuildScriptsRunner" */ = {
			isa = XCConfigurationList;
			buildConfigurations = (
				57A1B21E2434A2310045D1D1 /* Debug */,
				57A1B21F2434A2310045D1D1 /* Release */,
			);
			defaultConfigurationIsVisible = 0;
			defaultConfigurationName = Release;
		};
		607FACCB1AFB9204008FA782 /* Build configuration list for PBXProject "RADAttribution" */ = {
			isa = XCConfigurationList;
			buildConfigurations = (
				607FACED1AFB9204008FA782 /* Debug */,
				607FACEE1AFB9204008FA782 /* Release */,
			);
			defaultConfigurationIsVisible = 0;
			defaultConfigurationName = Release;
		};
		607FACEF1AFB9204008FA782 /* Build configuration list for PBXNativeTarget "RADAttribution_Example" */ = {
			isa = XCConfigurationList;
			buildConfigurations = (
				607FACF01AFB9204008FA782 /* Debug */,
				607FACF11AFB9204008FA782 /* Release */,
			);
			defaultConfigurationIsVisible = 0;
			defaultConfigurationName = Release;
		};
		607FACF21AFB9204008FA782 /* Build configuration list for PBXNativeTarget "RADAttribution_Tests" */ = {
			isa = XCConfigurationList;
			buildConfigurations = (
				607FACF31AFB9204008FA782 /* Debug */,
				607FACF41AFB9204008FA782 /* Release */,
			);
			defaultConfigurationIsVisible = 0;
			defaultConfigurationName = Release;
		};
/* End XCConfigurationList section */
	};
	rootObject = 607FACC81AFB9204008FA782 /* Project object */;
}
