// !$*UTF8*$!
{
	archiveVersion = 1;
	classes = {
	};
	objectVersion = 51;
	objects = {

/* Begin PBXBuildFile section */
		571DA35E24446D6A00B44EE8 /* GoogleService-Info.plist in Resources */ = {isa = PBXBuildFile; fileRef = 571DA35D24446D6A00B44EE8 /* GoogleService-Info.plist */; };
		571DA360244472BE00B44EE8 /* Product.swift in Sources */ = {isa = PBXBuildFile; fileRef = 571DA35F244472BE00B44EE8 /* Product.swift */; };
		571DA3622444739800B44EE8 /* Collection+Extensions.swift in Sources */ = {isa = PBXBuildFile; fileRef = 571DA3612444739800B44EE8 /* Collection+Extensions.swift */; };
		571DA364244477B600B44EE8 /* DataProvider.swift in Sources */ = {isa = PBXBuildFile; fileRef = 571DA363244477B600B44EE8 /* DataProvider.swift */; };
		571DA36B244482C700B44EE8 /* TabBarViewController.swift in Sources */ = {isa = PBXBuildFile; fileRef = 571DA36A244482C700B44EE8 /* TabBarViewController.swift */; };
		571DA36D2444839400B44EE8 /* HomeViewController.swift in Sources */ = {isa = PBXBuildFile; fileRef = 571DA36C2444839400B44EE8 /* HomeViewController.swift */; };
		571DA36F244485BF00B44EE8 /* CartViewController.swift in Sources */ = {isa = PBXBuildFile; fileRef = 571DA36E244485BF00B44EE8 /* CartViewController.swift */; };
		571DA3712444862500B44EE8 /* OrderManager.swift in Sources */ = {isa = PBXBuildFile; fileRef = 571DA3702444862500B44EE8 /* OrderManager.swift */; };
		571DA37324448AA600B44EE8 /* ProductCollectionViewLayout.swift in Sources */ = {isa = PBXBuildFile; fileRef = 571DA37224448AA600B44EE8 /* ProductCollectionViewLayout.swift */; };
		571DA37724448C6400B44EE8 /* ProductCell.swift in Sources */ = {isa = PBXBuildFile; fileRef = 571DA37624448C6400B44EE8 /* ProductCell.swift */; };
		571DA3792444935A00B44EE8 /* ProductDetailsViewController.swift in Sources */ = {isa = PBXBuildFile; fileRef = 571DA3782444935A00B44EE8 /* ProductDetailsViewController.swift */; };
		571DA37B244497A100B44EE8 /* UIImageView+Extensions.swift in Sources */ = {isa = PBXBuildFile; fileRef = 571DA37A244497A100B44EE8 /* UIImageView+Extensions.swift */; };
		571DA37D2444985D00B44EE8 /* NumberFormatter+Extensions.swift in Sources */ = {isa = PBXBuildFile; fileRef = 571DA37C2444985D00B44EE8 /* NumberFormatter+Extensions.swift */; };
		571DA3802444A4B100B44EE8 /* Button.swift in Sources */ = {isa = PBXBuildFile; fileRef = 571DA37F2444A4B100B44EE8 /* Button.swift */; };
		57436CE4243785820010B7E9 /* AppDelegate.swift in Sources */ = {isa = PBXBuildFile; fileRef = 57436CE3243785820010B7E9 /* AppDelegate.swift */; };
		57436CEB243785820010B7E9 /* Main.storyboard in Resources */ = {isa = PBXBuildFile; fileRef = 57436CE9243785820010B7E9 /* Main.storyboard */; };
		57436CED243785840010B7E9 /* Assets.xcassets in Resources */ = {isa = PBXBuildFile; fileRef = 57436CEC243785840010B7E9 /* Assets.xcassets */; };
		57436CF0243785840010B7E9 /* LaunchScreen.storyboard in Resources */ = {isa = PBXBuildFile; fileRef = 57436CEE243785840010B7E9 /* LaunchScreen.storyboard */; };
		B816B580D435E3B295312F6E /* Pods_RADAdvertiserDemo.framework in Frameworks */ = {isa = PBXBuildFile; fileRef = 414E18424A4F274474E0E880 /* Pods_RADAdvertiserDemo.framework */; };
/* End PBXBuildFile section */

/* Begin PBXFileReference section */
		414E18424A4F274474E0E880 /* Pods_RADAdvertiserDemo.framework */ = {isa = PBXFileReference; explicitFileType = wrapper.framework; includeInIndex = 0; path = Pods_RADAdvertiserDemo.framework; sourceTree = BUILT_PRODUCTS_DIR; };
		571DA35D24446D6A00B44EE8 /* GoogleService-Info.plist */ = {isa = PBXFileReference; fileEncoding = 4; lastKnownFileType = text.plist.xml; path = "GoogleService-Info.plist"; sourceTree = "<group>"; };
		571DA35F244472BE00B44EE8 /* Product.swift */ = {isa = PBXFileReference; lastKnownFileType = sourcecode.swift; path = Product.swift; sourceTree = "<group>"; };
		571DA3612444739800B44EE8 /* Collection+Extensions.swift */ = {isa = PBXFileReference; lastKnownFileType = sourcecode.swift; path = "Collection+Extensions.swift"; sourceTree = "<group>"; };
		571DA363244477B600B44EE8 /* DataProvider.swift */ = {isa = PBXFileReference; lastKnownFileType = sourcecode.swift; path = DataProvider.swift; sourceTree = "<group>"; };
		571DA36A244482C700B44EE8 /* TabBarViewController.swift */ = {isa = PBXFileReference; lastKnownFileType = sourcecode.swift; path = TabBarViewController.swift; sourceTree = "<group>"; };
		571DA36C2444839400B44EE8 /* HomeViewController.swift */ = {isa = PBXFileReference; lastKnownFileType = sourcecode.swift; path = HomeViewController.swift; sourceTree = "<group>"; };
		571DA36E244485BF00B44EE8 /* CartViewController.swift */ = {isa = PBXFileReference; lastKnownFileType = sourcecode.swift; path = CartViewController.swift; sourceTree = "<group>"; };
		571DA3702444862500B44EE8 /* OrderManager.swift */ = {isa = PBXFileReference; lastKnownFileType = sourcecode.swift; path = OrderManager.swift; sourceTree = "<group>"; };
		571DA37224448AA600B44EE8 /* ProductCollectionViewLayout.swift */ = {isa = PBXFileReference; lastKnownFileType = sourcecode.swift; path = ProductCollectionViewLayout.swift; sourceTree = "<group>"; };
		571DA37624448C6400B44EE8 /* ProductCell.swift */ = {isa = PBXFileReference; lastKnownFileType = sourcecode.swift; path = ProductCell.swift; sourceTree = "<group>"; };
		571DA3782444935A00B44EE8 /* ProductDetailsViewController.swift */ = {isa = PBXFileReference; lastKnownFileType = sourcecode.swift; path = ProductDetailsViewController.swift; sourceTree = "<group>"; };
		571DA37A244497A100B44EE8 /* UIImageView+Extensions.swift */ = {isa = PBXFileReference; lastKnownFileType = sourcecode.swift; path = "UIImageView+Extensions.swift"; sourceTree = "<group>"; };
		571DA37C2444985D00B44EE8 /* NumberFormatter+Extensions.swift */ = {isa = PBXFileReference; lastKnownFileType = sourcecode.swift; path = "NumberFormatter+Extensions.swift"; sourceTree = "<group>"; };
		571DA37F2444A4B100B44EE8 /* Button.swift */ = {isa = PBXFileReference; lastKnownFileType = sourcecode.swift; path = Button.swift; sourceTree = "<group>"; };
		57436CE0243785820010B7E9 /* RAD Advertiser Demo.app */ = {isa = PBXFileReference; explicitFileType = wrapper.application; includeInIndex = 0; path = "RAD Advertiser Demo.app"; sourceTree = BUILT_PRODUCTS_DIR; };
		57436CE3243785820010B7E9 /* AppDelegate.swift */ = {isa = PBXFileReference; lastKnownFileType = sourcecode.swift; path = AppDelegate.swift; sourceTree = "<group>"; };
		57436CEA243785820010B7E9 /* Base */ = {isa = PBXFileReference; lastKnownFileType = file.storyboard; name = Base; path = Base.lproj/Main.storyboard; sourceTree = "<group>"; };
		57436CEC243785840010B7E9 /* Assets.xcassets */ = {isa = PBXFileReference; lastKnownFileType = folder.assetcatalog; path = Assets.xcassets; sourceTree = "<group>"; };
		57436CEF243785840010B7E9 /* Base */ = {isa = PBXFileReference; lastKnownFileType = file.storyboard; name = Base; path = Base.lproj/LaunchScreen.storyboard; sourceTree = "<group>"; };
		57436CF1243785840010B7E9 /* Info.plist */ = {isa = PBXFileReference; lastKnownFileType = text.plist.xml; path = Info.plist; sourceTree = "<group>"; };
		57436CF724378D5F0010B7E9 /* RADAdvertiserDemoSwift.entitlements */ = {isa = PBXFileReference; lastKnownFileType = text.plist.entitlements; path = RADAdvertiserDemoSwift.entitlements; sourceTree = "<group>"; };
		61832CDB3255AB49206C3EC5 /* Pods-RADAdvertiserDemo.debug.xcconfig */ = {isa = PBXFileReference; includeInIndex = 1; lastKnownFileType = text.xcconfig; name = "Pods-RADAdvertiserDemo.debug.xcconfig"; path = "Target Support Files/Pods-RADAdvertiserDemo/Pods-RADAdvertiserDemo.debug.xcconfig"; sourceTree = "<group>"; };
		B47D4B37D4F9039852491F69 /* Pods-RADAdvertiserDemo.release.xcconfig */ = {isa = PBXFileReference; includeInIndex = 1; lastKnownFileType = text.xcconfig; name = "Pods-RADAdvertiserDemo.release.xcconfig"; path = "Target Support Files/Pods-RADAdvertiserDemo/Pods-RADAdvertiserDemo.release.xcconfig"; sourceTree = "<group>"; };
/* End PBXFileReference section */

/* Begin PBXFrameworksBuildPhase section */
		57436CDD243785820010B7E9 /* Frameworks */ = {
			isa = PBXFrameworksBuildPhase;
			buildActionMask = 2147483647;
			files = (
				B816B580D435E3B295312F6E /* Pods_RADAdvertiserDemo.framework in Frameworks */,
			);
			runOnlyForDeploymentPostprocessing = 0;
		};
/* End PBXFrameworksBuildPhase section */

/* Begin PBXGroup section */
		310E0BFA664597902D40E6A1 /* Pods */ = {
			isa = PBXGroup;
			children = (
				61832CDB3255AB49206C3EC5 /* Pods-RADAdvertiserDemo.debug.xcconfig */,
				B47D4B37D4F9039852491F69 /* Pods-RADAdvertiserDemo.release.xcconfig */,
			);
			path = Pods;
			sourceTree = "<group>";
		};
		423F101ED4EA988282077884 /* Frameworks */ = {
			isa = PBXGroup;
			children = (
				414E18424A4F274474E0E880 /* Pods_RADAdvertiserDemo.framework */,
			);
			name = Frameworks;
			sourceTree = "<group>";
		};
		571DA36524447CCF00B44EE8 /* ViewControllers */ = {
			isa = PBXGroup;
			children = (
				571DA36A244482C700B44EE8 /* TabBarViewController.swift */,
				571DA36C2444839400B44EE8 /* HomeViewController.swift */,
				571DA3782444935A00B44EE8 /* ProductDetailsViewController.swift */,
				571DA36E244485BF00B44EE8 /* CartViewController.swift */,
			);
			path = ViewControllers;
			sourceTree = "<group>";
		};
		571DA36624447CF600B44EE8 /* Extensions */ = {
			isa = PBXGroup;
			children = (
				571DA3612444739800B44EE8 /* Collection+Extensions.swift */,
				571DA37A244497A100B44EE8 /* UIImageView+Extensions.swift */,
				571DA37C2444985D00B44EE8 /* NumberFormatter+Extensions.swift */,
			);
			path = Extensions;
			sourceTree = "<group>";
		};
		571DA36724447D0300B44EE8 /* Helpers */ = {
			isa = PBXGroup;
			children = (
				571DA363244477B600B44EE8 /* DataProvider.swift */,
				571DA3702444862500B44EE8 /* OrderManager.swift */,
			);
			path = Helpers;
			sourceTree = "<group>";
		};
		571DA36824447D0F00B44EE8 /* Models */ = {
			isa = PBXGroup;
			children = (
				571DA35F244472BE00B44EE8 /* Product.swift */,
			);
			path = Models;
			sourceTree = "<group>";
		};
		571DA36924447D2500B44EE8 /* Resources */ = {
			isa = PBXGroup;
			children = (
				57436CF724378D5F0010B7E9 /* RADAdvertiserDemoSwift.entitlements */,
				57436CE9243785820010B7E9 /* Main.storyboard */,
				57436CEC243785840010B7E9 /* Assets.xcassets */,
				57436CEE243785840010B7E9 /* LaunchScreen.storyboard */,
				57436CF1243785840010B7E9 /* Info.plist */,
				571DA35D24446D6A00B44EE8 /* GoogleService-Info.plist */,
			);
			path = Resources;
			sourceTree = "<group>";
		};
		571DA37E2444A49E00B44EE8 /* Views */ = {
			isa = PBXGroup;
			children = (
				571DA37224448AA600B44EE8 /* ProductCollectionViewLayout.swift */,
				571DA37624448C6400B44EE8 /* ProductCell.swift */,
				571DA37F2444A4B100B44EE8 /* Button.swift */,
			);
			path = Views;
			sourceTree = "<group>";
		};
		57436CD7243785820010B7E9 = {
			isa = PBXGroup;
			children = (
				57436CE2243785820010B7E9 /* RADAdvertiserDemo */,
				57436CE1243785820010B7E9 /* Products */,
				310E0BFA664597902D40E6A1 /* Pods */,
				423F101ED4EA988282077884 /* Frameworks */,
			);
			sourceTree = "<group>";
		};
		57436CE1243785820010B7E9 /* Products */ = {
			isa = PBXGroup;
			children = (
				57436CE0243785820010B7E9 /* RAD Advertiser Demo.app */,
			);
			name = Products;
			sourceTree = "<group>";
		};
		57436CE2243785820010B7E9 /* RADAdvertiserDemo */ = {
			isa = PBXGroup;
			children = (
				571DA37E2444A49E00B44EE8 /* Views */,
				571DA36824447D0F00B44EE8 /* Models */,
				571DA36724447D0300B44EE8 /* Helpers */,
				571DA36624447CF600B44EE8 /* Extensions */,
				571DA36524447CCF00B44EE8 /* ViewControllers */,
				57436CE3243785820010B7E9 /* AppDelegate.swift */,
				571DA36924447D2500B44EE8 /* Resources */,
			);
			path = RADAdvertiserDemo;
			sourceTree = "<group>";
		};
/* End PBXGroup section */

/* Begin PBXNativeTarget section */
		57436CDF243785820010B7E9 /* RADAdvertiserDemo */ = {
			isa = PBXNativeTarget;
			buildConfigurationList = 57436CF4243785840010B7E9 /* Build configuration list for PBXNativeTarget "RADAdvertiserDemo" */;
			buildPhases = (
				B62C6DE68CDB511D7F75CE62 /* [CP] Check Pods Manifest.lock */,
				57436CDC243785820010B7E9 /* Sources */,
				57436CDD243785820010B7E9 /* Frameworks */,
				57436CDE243785820010B7E9 /* Resources */,
				77C49D46BEDBD5F4A61E11A2 /* [CP] Embed Pods Frameworks */,
			);
			buildRules = (
			);
			dependencies = (
			);
			name = RADAdvertiserDemo;
			productName = RADAdvertiserDemo;
			productReference = 57436CE0243785820010B7E9 /* RAD Advertiser Demo.app */;
			productType = "com.apple.product-type.application";
		};
/* End PBXNativeTarget section */

/* Begin PBXProject section */
		57436CD8243785820010B7E9 /* Project object */ = {
			isa = PBXProject;
			attributes = {
				LastSwiftUpdateCheck = 1140;
				LastUpgradeCheck = 1140;
				ORGANIZATIONNAME = "Rakuten Advertising";
				TargetAttributes = {
					57436CDF243785820010B7E9 = {
						CreatedOnToolsVersion = 11.4;
					};
				};
			};
			buildConfigurationList = 57436CDB243785820010B7E9 /* Build configuration list for PBXProject "RADAdvertiserDemo" */;
			compatibilityVersion = "Xcode 9.3";
			developmentRegion = en;
			hasScannedForEncodings = 0;
			knownRegions = (
				en,
				Base,
			);
			mainGroup = 57436CD7243785820010B7E9;
			productRefGroup = 57436CE1243785820010B7E9 /* Products */;
			projectDirPath = "";
			projectRoot = "";
			targets = (
				57436CDF243785820010B7E9 /* RADAdvertiserDemo */,
			);
		};
/* End PBXProject section */

/* Begin PBXResourcesBuildPhase section */
		57436CDE243785820010B7E9 /* Resources */ = {
			isa = PBXResourcesBuildPhase;
			buildActionMask = 2147483647;
			files = (
				57436CF0243785840010B7E9 /* LaunchScreen.storyboard in Resources */,
				571DA35E24446D6A00B44EE8 /* GoogleService-Info.plist in Resources */,
				57436CED243785840010B7E9 /* Assets.xcassets in Resources */,
				57436CEB243785820010B7E9 /* Main.storyboard in Resources */,
			);
			runOnlyForDeploymentPostprocessing = 0;
		};
/* End PBXResourcesBuildPhase section */

/* Begin PBXShellScriptBuildPhase section */
		77C49D46BEDBD5F4A61E11A2 /* [CP] Embed Pods Frameworks */ = {
			isa = PBXShellScriptBuildPhase;
			buildActionMask = 2147483647;
			files = (
			);
			inputFileListPaths = (
				"${PODS_ROOT}/Target Support Files/Pods-RADAdvertiserDemo/Pods-RADAdvertiserDemo-frameworks-${CONFIGURATION}-input-files.xcfilelist",
			);
			name = "[CP] Embed Pods Frameworks";
			outputFileListPaths = (
				"${PODS_ROOT}/Target Support Files/Pods-RADAdvertiserDemo/Pods-RADAdvertiserDemo-frameworks-${CONFIGURATION}-output-files.xcfilelist",
			);
			runOnlyForDeploymentPostprocessing = 0;
			shellPath = /bin/sh;
			shellScript = "\"${PODS_ROOT}/Target Support Files/Pods-RADAdvertiserDemo/Pods-RADAdvertiserDemo-frameworks.sh\"\n";
			showEnvVarsInLog = 0;
		};
		B62C6DE68CDB511D7F75CE62 /* [CP] Check Pods Manifest.lock */ = {
			isa = PBXShellScriptBuildPhase;
			buildActionMask = 2147483647;
			files = (
			);
			inputFileListPaths = (
			);
			inputPaths = (
				"${PODS_PODFILE_DIR_PATH}/Podfile.lock",
				"${PODS_ROOT}/Manifest.lock",
			);
			name = "[CP] Check Pods Manifest.lock";
			outputFileListPaths = (
			);
			outputPaths = (
				"$(DERIVED_FILE_DIR)/Pods-RADAdvertiserDemo-checkManifestLockResult.txt",
			);
			runOnlyForDeploymentPostprocessing = 0;
			shellPath = /bin/sh;
			shellScript = "diff \"${PODS_PODFILE_DIR_PATH}/Podfile.lock\" \"${PODS_ROOT}/Manifest.lock\" > /dev/null\nif [ $? != 0 ] ; then\n    # print error to STDERR\n    echo \"error: The sandbox is not in sync with the Podfile.lock. Run 'pod install' or update your CocoaPods installation.\" >&2\n    exit 1\nfi\n# This output is used by Xcode 'outputs' to avoid re-running this script phase.\necho \"SUCCESS\" > \"${SCRIPT_OUTPUT_FILE_0}\"\n";
			showEnvVarsInLog = 0;
		};
/* End PBXShellScriptBuildPhase section */

/* Begin PBXSourcesBuildPhase section */
		57436CDC243785820010B7E9 /* Sources */ = {
			isa = PBXSourcesBuildPhase;
			buildActionMask = 2147483647;
			files = (
				571DA37324448AA600B44EE8 /* ProductCollectionViewLayout.swift in Sources */,
				571DA37724448C6400B44EE8 /* ProductCell.swift in Sources */,
				571DA3792444935A00B44EE8 /* ProductDetailsViewController.swift in Sources */,
				571DA3622444739800B44EE8 /* Collection+Extensions.swift in Sources */,
				571DA364244477B600B44EE8 /* DataProvider.swift in Sources */,
				57436CE4243785820010B7E9 /* AppDelegate.swift in Sources */,
				571DA37B244497A100B44EE8 /* UIImageView+Extensions.swift in Sources */,
				571DA3802444A4B100B44EE8 /* Button.swift in Sources */,
				571DA36F244485BF00B44EE8 /* CartViewController.swift in Sources */,
				571DA36B244482C700B44EE8 /* TabBarViewController.swift in Sources */,
				571DA37D2444985D00B44EE8 /* NumberFormatter+Extensions.swift in Sources */,
				571DA3712444862500B44EE8 /* OrderManager.swift in Sources */,
				571DA36D2444839400B44EE8 /* HomeViewController.swift in Sources */,
				571DA360244472BE00B44EE8 /* Product.swift in Sources */,
			);
			runOnlyForDeploymentPostprocessing = 0;
		};
/* End PBXSourcesBuildPhase section */

/* Begin PBXVariantGroup section */
		57436CE9243785820010B7E9 /* Main.storyboard */ = {
			isa = PBXVariantGroup;
			children = (
				57436CEA243785820010B7E9 /* Base */,
			);
			name = Main.storyboard;
			sourceTree = "<group>";
		};
		57436CEE243785840010B7E9 /* LaunchScreen.storyboard */ = {
			isa = PBXVariantGroup;
			children = (
				57436CEF243785840010B7E9 /* Base */,
			);
			name = LaunchScreen.storyboard;
			sourceTree = "<group>";
		};
/* End PBXVariantGroup section */

/* Begin XCBuildConfiguration section */
		57436CF2243785840010B7E9 /* Debug */ = {
			isa = XCBuildConfiguration;
			buildSettings = {
				ALWAYS_SEARCH_USER_PATHS = NO;
				CLANG_ANALYZER_NONNULL = YES;
				CLANG_ANALYZER_NUMBER_OBJECT_CONVERSION = YES_AGGRESSIVE;
				CLANG_CXX_LANGUAGE_STANDARD = "gnu++14";
				CLANG_CXX_LIBRARY = "libc++";
				CLANG_ENABLE_MODULES = YES;
				CLANG_ENABLE_OBJC_ARC = YES;
				CLANG_ENABLE_OBJC_WEAK = YES;
				CLANG_WARN_BLOCK_CAPTURE_AUTORELEASING = YES;
				CLANG_WARN_BOOL_CONVERSION = YES;
				CLANG_WARN_COMMA = YES;
				CLANG_WARN_CONSTANT_CONVERSION = YES;
				CLANG_WARN_DEPRECATED_OBJC_IMPLEMENTATIONS = YES;
				CLANG_WARN_DIRECT_OBJC_ISA_USAGE = YES_ERROR;
				CLANG_WARN_DOCUMENTATION_COMMENTS = YES;
				CLANG_WARN_EMPTY_BODY = YES;
				CLANG_WARN_ENUM_CONVERSION = YES;
				CLANG_WARN_INFINITE_RECURSION = YES;
				CLANG_WARN_INT_CONVERSION = YES;
				CLANG_WARN_NON_LITERAL_NULL_CONVERSION = YES;
				CLANG_WARN_OBJC_IMPLICIT_RETAIN_SELF = YES;
				CLANG_WARN_OBJC_LITERAL_CONVERSION = YES;
				CLANG_WARN_OBJC_ROOT_CLASS = YES_ERROR;
				CLANG_WARN_RANGE_LOOP_ANALYSIS = YES;
				CLANG_WARN_STRICT_PROTOTYPES = YES;
				CLANG_WARN_SUSPICIOUS_MOVE = YES;
				CLANG_WARN_UNGUARDED_AVAILABILITY = YES_AGGRESSIVE;
				CLANG_WARN_UNREACHABLE_CODE = YES;
				CLANG_WARN__DUPLICATE_METHOD_MATCH = YES;
				COPY_PHASE_STRIP = NO;
				DEBUG_INFORMATION_FORMAT = dwarf;
				ENABLE_STRICT_OBJC_MSGSEND = YES;
				ENABLE_TESTABILITY = YES;
				GCC_C_LANGUAGE_STANDARD = gnu11;
				GCC_DYNAMIC_NO_PIC = NO;
				GCC_NO_COMMON_BLOCKS = YES;
				GCC_OPTIMIZATION_LEVEL = 0;
				GCC_PREPROCESSOR_DEFINITIONS = (
					"DEBUG=1",
					"$(inherited)",
				);
				GCC_WARN_64_TO_32_BIT_CONVERSION = YES;
				GCC_WARN_ABOUT_RETURN_TYPE = YES_ERROR;
				GCC_WARN_UNDECLARED_SELECTOR = YES;
				GCC_WARN_UNINITIALIZED_AUTOS = YES_AGGRESSIVE;
				GCC_WARN_UNUSED_FUNCTION = YES;
				GCC_WARN_UNUSED_VARIABLE = YES;
				IPHONEOS_DEPLOYMENT_TARGET = 13.0;
				MTL_ENABLE_DEBUG_INFO = INCLUDE_SOURCE;
				MTL_FAST_MATH = YES;
				ONLY_ACTIVE_ARCH = YES;
				SDKROOT = iphoneos;
				SWIFT_ACTIVE_COMPILATION_CONDITIONS = DEBUG;
				SWIFT_OPTIMIZATION_LEVEL = "-Onone";
			};
			name = Debug;
		};
		57436CF3243785840010B7E9 /* Release */ = {
			isa = XCBuildConfiguration;
			buildSettings = {
				ALWAYS_SEARCH_USER_PATHS = NO;
				CLANG_ANALYZER_NONNULL = YES;
				CLANG_ANALYZER_NUMBER_OBJECT_CONVERSION = YES_AGGRESSIVE;
				CLANG_CXX_LANGUAGE_STANDARD = "gnu++14";
				CLANG_CXX_LIBRARY = "libc++";
				CLANG_ENABLE_MODULES = YES;
				CLANG_ENABLE_OBJC_ARC = YES;
				CLANG_ENABLE_OBJC_WEAK = YES;
				CLANG_WARN_BLOCK_CAPTURE_AUTORELEASING = YES;
				CLANG_WARN_BOOL_CONVERSION = YES;
				CLANG_WARN_COMMA = YES;
				CLANG_WARN_CONSTANT_CONVERSION = YES;
				CLANG_WARN_DEPRECATED_OBJC_IMPLEMENTATIONS = YES;
				CLANG_WARN_DIRECT_OBJC_ISA_USAGE = YES_ERROR;
				CLANG_WARN_DOCUMENTATION_COMMENTS = YES;
				CLANG_WARN_EMPTY_BODY = YES;
				CLANG_WARN_ENUM_CONVERSION = YES;
				CLANG_WARN_INFINITE_RECURSION = YES;
				CLANG_WARN_INT_CONVERSION = YES;
				CLANG_WARN_NON_LITERAL_NULL_CONVERSION = YES;
				CLANG_WARN_OBJC_IMPLICIT_RETAIN_SELF = YES;
				CLANG_WARN_OBJC_LITERAL_CONVERSION = YES;
				CLANG_WARN_OBJC_ROOT_CLASS = YES_ERROR;
				CLANG_WARN_RANGE_LOOP_ANALYSIS = YES;
				CLANG_WARN_STRICT_PROTOTYPES = YES;
				CLANG_WARN_SUSPICIOUS_MOVE = YES;
				CLANG_WARN_UNGUARDED_AVAILABILITY = YES_AGGRESSIVE;
				CLANG_WARN_UNREACHABLE_CODE = YES;
				CLANG_WARN__DUPLICATE_METHOD_MATCH = YES;
				COPY_PHASE_STRIP = NO;
				DEBUG_INFORMATION_FORMAT = "dwarf-with-dsym";
				ENABLE_NS_ASSERTIONS = NO;
				ENABLE_STRICT_OBJC_MSGSEND = YES;
				GCC_C_LANGUAGE_STANDARD = gnu11;
				GCC_NO_COMMON_BLOCKS = YES;
				GCC_WARN_64_TO_32_BIT_CONVERSION = YES;
				GCC_WARN_ABOUT_RETURN_TYPE = YES_ERROR;
				GCC_WARN_UNDECLARED_SELECTOR = YES;
				GCC_WARN_UNINITIALIZED_AUTOS = YES_AGGRESSIVE;
				GCC_WARN_UNUSED_FUNCTION = YES;
				GCC_WARN_UNUSED_VARIABLE = YES;
				IPHONEOS_DEPLOYMENT_TARGET = 13.0;
				MTL_ENABLE_DEBUG_INFO = NO;
				MTL_FAST_MATH = YES;
				SDKROOT = iphoneos;
				SWIFT_COMPILATION_MODE = wholemodule;
				SWIFT_OPTIMIZATION_LEVEL = "-O";
				VALIDATE_PRODUCT = YES;
			};
			name = Release;
		};
		57436CF5243785840010B7E9 /* Debug */ = {
			isa = XCBuildConfiguration;
			baseConfigurationReference = 61832CDB3255AB49206C3EC5 /* Pods-RADAdvertiserDemo.debug.xcconfig */;
			buildSettings = {
				ASSETCATALOG_COMPILER_APPICON_NAME = AppIcon;
				CODE_SIGN_ENTITLEMENTS = RADAdvertiserDemo/Resources/RADAdvertiserDemoSwift.entitlements;
				CODE_SIGN_STYLE = Automatic;
				CURRENT_PROJECT_VERSION = 3;
				DEVELOPMENT_TEAM = Y7X3534ZWR;
				INFOPLIST_FILE = RADAdvertiserDemo/Resources/Info.plist;
				IPHONEOS_DEPLOYMENT_TARGET = 13.0;
				LD_RUNPATH_SEARCH_PATHS = (
					"$(inherited)",
					"@executable_path/Frameworks",
				);
				PRODUCT_BUNDLE_IDENTIFIER = com.rakutenadvertising.RADAdvertiserDemo;
				PRODUCT_NAME = "RAD Advertiser Demo";
				SWIFT_VERSION = 5.0;
				TARGETED_DEVICE_FAMILY = 1;
			};
			name = Debug;
		};
		57436CF6243785840010B7E9 /* Release */ = {
			isa = XCBuildConfiguration;
			baseConfigurationReference = B47D4B37D4F9039852491F69 /* Pods-RADAdvertiserDemo.release.xcconfig */;
			buildSettings = {
				ASSETCATALOG_COMPILER_APPICON_NAME = AppIcon;
				CODE_SIGN_ENTITLEMENTS = RADAdvertiserDemo/Resources/RADAdvertiserDemoSwift.entitlements;
				CODE_SIGN_STYLE = Automatic;
				CURRENT_PROJECT_VERSION = 3;
				DEVELOPMENT_TEAM = Y7X3534ZWR;
				INFOPLIST_FILE = RADAdvertiserDemo/Resources/Info.plist;
				IPHONEOS_DEPLOYMENT_TARGET = 13.0;
				LD_RUNPATH_SEARCH_PATHS = (
					"$(inherited)",
					"@executable_path/Frameworks",
				);
				PRODUCT_BUNDLE_IDENTIFIER = com.rakutenadvertising.RADAdvertiserDemo;
				PRODUCT_NAME = "RAD Advertiser Demo";
				SWIFT_VERSION = 5.0;
				TARGETED_DEVICE_FAMILY = 1;
			};
			name = Release;
		};
/* End XCBuildConfiguration section */

/* Begin XCConfigurationList section */
		57436CDB243785820010B7E9 /* Build configuration list for PBXProject "RADAdvertiserDemo" */ = {
			isa = XCConfigurationList;
			buildConfigurations = (
				57436CF2243785840010B7E9 /* Debug */,
				57436CF3243785840010B7E9 /* Release */,
			);
			defaultConfigurationIsVisible = 0;
			defaultConfigurationName = Release;
		};
		57436CF4243785840010B7E9 /* Build configuration list for PBXNativeTarget "RADAdvertiserDemo" */ = {
			isa = XCConfigurationList;
			buildConfigurations = (
				57436CF5243785840010B7E9 /* Debug */,
				57436CF6243785840010B7E9 /* Release */,
			);
			defaultConfigurationIsVisible = 0;
			defaultConfigurationName = Release;
		};
/* End XCConfigurationList section */
	};
	rootObject = 57436CD8243785820010B7E9 /* Project object */;
}
